
Microsoft Visual Studio Solution File, Format Version 12.00
# Visual Studio Version 17
VisualStudioVersion = 17.4.33213.308
MinimumVisualStudioVersion = 10.0.40219.1
Project("{FAE04EC0-301F-11D3-BF4B-00C04F79EFBC}") = "SquadManager", "SquadManager\SquadManager.csproj", "{BFEB4F26-873D-4E6E-949B-7B219A669207}"
EndProject
Project("{2150E333-8FDC-42A3-9474-1A3956D46DE8}") = "1.UI", "1.UI", "{A0B4C339-49A0-49C2-AA57-0C1CC7C68DDC}"
EndProject
Project("{2150E333-8FDC-42A3-9474-1A3956D46DE8}") = "3.Data", "3.Data", "{005284E4-8B87-41F3-B05E-B02520C6DA98}"
EndProject
Project("{2150E333-8FDC-42A3-9474-1A3956D46DE8}") = "2.Application", "2.Application", "{35B99753-22C2-46CE-BDFD-CC19DA45545D}"
EndProject
Project("{FAE04EC0-301F-11D3-BF4B-00C04F79EFBC}") = "API", "API\API.csproj", "{07631126-EA74-4A18-A8D8-314BBC239BED}"
EndProject
Project("{FAE04EC0-301F-11D3-BF4B-00C04F79EFBC}") = "Repository", "Repository\Repository.csproj", "{775F607E-ECA2-4D31-B67A-D382BF5CAC11}"
EndProject
Project("{FAE04EC0-301F-11D3-BF4B-00C04F79EFBC}") = "Common", "Common\Common.csproj", "{4CCFCA16-FD6E-472B-881C-451833BE22FE}"
EndProject
Global
	GlobalSection(SolutionConfigurationPlatforms) = preSolution
		Debug|Any CPU = Debug|Any CPU
		Release|Any CPU = Release|Any CPU
	EndGlobalSection
	GlobalSection(ProjectConfigurationPlatforms) = postSolution
		{BFEB4F26-873D-4E6E-949B-7B219A669207}.Debug|Any CPU.ActiveCfg = Debug|Any CPU
		{BFEB4F26-873D-4E6E-949B-7B219A669207}.Debug|Any CPU.Build.0 = Debug|Any CPU
		{BFEB4F26-873D-4E6E-949B-7B219A669207}.Release|Any CPU.ActiveCfg = Release|Any CPU
		{BFEB4F26-873D-4E6E-949B-7B219A669207}.Release|Any CPU.Build.0 = Release|Any CPU
		{07631126-EA74-4A18-A8D8-314BBC239BED}.Debug|Any CPU.ActiveCfg = Debug|Any CPU
		{07631126-EA74-4A18-A8D8-314BBC239BED}.Debug|Any CPU.Build.0 = Debug|Any CPU
		{07631126-EA74-4A18-A8D8-314BBC239BED}.Release|Any CPU.ActiveCfg = Release|Any CPU
		{07631126-EA74-4A18-A8D8-314BBC239BED}.Release|Any CPU.Build.0 = Release|Any CPU
		{775F607E-ECA2-4D31-B67A-D382BF5CAC11}.Debug|Any CPU.ActiveCfg = Debug|Any CPU
		{775F607E-ECA2-4D31-B67A-D382BF5CAC11}.Debug|Any CPU.Build.0 = Debug|Any CPU
		{775F607E-ECA2-4D31-B67A-D382BF5CAC11}.Release|Any CPU.ActiveCfg = Release|Any CPU
		{775F607E-ECA2-4D31-B67A-D382BF5CAC11}.Release|Any CPU.Build.0 = Release|Any CPU
		{4CCFCA16-FD6E-472B-881C-451833BE22FE}.Debug|Any CPU.ActiveCfg = Debug|Any CPU
		{4CCFCA16-FD6E-472B-881C-451833BE22FE}.Debug|Any CPU.Build.0 = Debug|Any CPU
		{4CCFCA16-FD6E-472B-881C-451833BE22FE}.Release|Any CPU.ActiveCfg = Release|Any CPU
		{4CCFCA16-FD6E-472B-881C-451833BE22FE}.Release|Any CPU.Build.0 = Release|Any CPU
	EndGlobalSection
	GlobalSection(SolutionProperties) = preSolution
		HideSolutionNode = FALSE
	EndGlobalSection
	GlobalSection(NestedProjects) = preSolution
		{BFEB4F26-873D-4E6E-949B-7B219A669207} = {A0B4C339-49A0-49C2-AA57-0C1CC7C68DDC}
		{07631126-EA74-4A18-A8D8-314BBC239BED} = {35B99753-22C2-46CE-BDFD-CC19DA45545D}
		{775F607E-ECA2-4D31-B67A-D382BF5CAC11} = {005284E4-8B87-41F3-B05E-B02520C6DA98}
		{4CCFCA16-FD6E-472B-881C-451833BE22FE} = {35B99753-22C2-46CE-BDFD-CC19DA45545D}
	EndGlobalSection
	GlobalSection(ExtensibilityGlobals) = postSolution
		SolutionGuid = {90A12DAE-4D40-4269-8897-6E5EE8EC21B6}
	EndGlobalSection
EndGlobal
